{
  "originHash" : "09a66b72474a7445e48a4ddec781176e5200838a3fa4bb53d645f47148e60ec3",
  "pins" : [
    {
      "identity" : "e5data",
      "kind" : "remoteSourceControl",
      "location" : "https://git.elbe5cloud.de/miro/E5Data",
      "state" : {
        "revision" : "ea473683898718ee2ba8e1a4b250e6a1739b31e3",
        "version" : "1.0.0"
      }
    }
  ],
  "version" : 3
}
