{
  "originHash" : "fc6fe6bfa7da107dbcf41a7410da2ffe87c30c660f380ef3187877da7b5ddd26",
  "pins" : [
    {
      "identity" : "e5data",
      "kind" : "remoteSourceControl",
      "location" : "https://github.com/mr-elbe5/E5Data",
      "state" : {
        "revision" : "0fc486df977d924f3a0f7f509c58653888cd06e4",
        "version" : "1.0.29"
      }
    }
  ],
  "version" : 3
}
