{
  "originHash" : "fc6fe6bfa7da107dbcf41a7410da2ffe87c30c660f380ef3187877da7b5ddd26",
  "pins" : [
    {
      "identity" : "e5data",
      "kind" : "remoteSourceControl",
      "location" : "https://github.com/mr-elbe5/E5Data",
      "state" : {
        "revision" : "779fe8873c41c5895fedf163331d1436eaaaa60c",
        "version" : "1.0.27"
      }
    }
  ],
  "version" : 3
}
